
Microsoft Visual Studio Solution File, Format Version 12.00
# Visual Studio Version 16
VisualStudioVersion = 16.0.33927.289
MinimumVisualStudioVersion = 10.0.40219.1
Project("{2150E333-8FDC-42A3-9474-1A3956D46DE8}") = "Task0", "Task0", "{9F611EB8-FCCC-4887-9D6A-37CCB5603394}"
EndProject
Project("{FAE04EC0-301F-11D3-BF4B-00C04F79EFBC}") = "Tyuiu.ElsufevMP.Sprint2.Task0.V20", "Tyuiu.ElsufevMP.Sprint2.Task0.V20\Tyuiu.ElsufevMP.Sprint2.Task0.V20.csproj", "{466A9474-7DEB-4786-87D0-D30948CD44B4}"
EndProject
Project("{FAE04EC0-301F-11D3-BF4B-00C04F79EFBC}") = "Tyuiu.ElsufevMP.Sprint2.Task0.V20.Lib", "Tyuiu.ElsufevMP.Sprint2.Task0.V20.Lib\Tyuiu.ElsufevMP.Sprint2.Task0.V20.Lib.csproj", "{27E832B6-6D0C-4093-8F25-6DBF0259D892}"
EndProject
Project("{FAE04EC0-301F-11D3-BF4B-00C04F79EFBC}") = "Tyuiu.ElsufevMP.Sprint2.Task0.V20.Test", "Tyuiu.ElsufevMP.Sprint2.Task0.V20.Test\Tyuiu.ElsufevMP.Sprint2.Task0.V20.Test.csproj", "{E7E97CC3-98C0-4243-B8F6-D52F9350E47E}"
EndProject
Project("{2150E333-8FDC-42A3-9474-1A3956D46DE8}") = "Task1", "Task1", "{476EF542-660F-4867-B762-CE700D519754}"
EndProject
Project("{FAE04EC0-301F-11D3-BF4B-00C04F79EFBC}") = "Tyuiu.ElsufevMP.Sprint2.Task1.V28", "Tyuiu.ElsufevMP.Sprint2.Task1.V28\Tyuiu.ElsufevMP.Sprint2.Task1.V28.csproj", "{CF5D7A35-E621-4258-A5EF-EB01C4B69104}"
EndProject
Project("{FAE04EC0-301F-11D3-BF4B-00C04F79EFBC}") = "Tyuiu.ElsufevMP.Sprint2.Task1.V28.Lib", "Tyuiu.ElsufevMP.Sprint2.Task1.V28.Lib\Tyuiu.ElsufevMP.Sprint2.Task1.V28.Lib.csproj", "{2CC545FE-6F7F-4EA2-BBCC-2C37B17E8483}"
EndProject
Project("{FAE04EC0-301F-11D3-BF4B-00C04F79EFBC}") = "Tyuiu.ElsufevMP.Sprint2.Task1.V28.Test", "Tyuiu.ElsufevMP.Sprint2.Task1.V28.Test\Tyuiu.ElsufevMP.Sprint2.Task1.V28.Test.csproj", "{914E9927-5D2A-4281-B8B2-C36E49441181}"
EndProject
Project("{2150E333-8FDC-42A3-9474-1A3956D46DE8}") = "Task2", "Task2", "{A2865436-06E9-4EB7-9792-A90735CA5815}"
EndProject
Project("{FAE04EC0-301F-11D3-BF4B-00C04F79EFBC}") = "Tyuiu.ElsufevMP.Sprint2.Task2.V20", "Tyuiu.ElsufevMP.Sprint2.Task2.V20\Tyuiu.ElsufevMP.Sprint2.Task2.V20.csproj", "{E9A8EFAC-01DC-4261-A703-4C4EA124EBFF}"
EndProject
Project("{FAE04EC0-301F-11D3-BF4B-00C04F79EFBC}") = "Tyuiu.ElsufevMP.Sprint2.Task2.V20.Lib", "Tyuiu.ElsufevMP.Sprint2.Task2.V20.Lib\Tyuiu.ElsufevMP.Sprint2.Task2.V20.Lib.csproj", "{5EE932F2-CB3D-465B-9F88-28289731C116}"
EndProject
Project("{FAE04EC0-301F-11D3-BF4B-00C04F79EFBC}") = "Tyuiu.ElsufevMP.Sprint2.Task2.V20.Test", "Tyuiu.ElsufevMP.Sprint2.Task2.V20.Test\Tyuiu.ElsufevMP.Sprint2.Task2.V20.Test.csproj", "{B85949D3-7C51-4F60-BFC9-7D78A9E52E79}"
EndProject
Project("{2150E333-8FDC-42A3-9474-1A3956D46DE8}") = "Task3", "Task3", "{FAED9E10-B260-4C9A-8359-4E1709D527E8}"
EndProject
Project("{FAE04EC0-301F-11D3-BF4B-00C04F79EFBC}") = "Tyuiu.ElsufevMP.Sprint2.Task3.V12", "Tyuiu.ElsufevMP.Sprint2.Task3.V12\Tyuiu.ElsufevMP.Sprint2.Task3.V12.csproj", "{BC80FA41-D56C-47E0-A987-0992AACC67D6}"
EndProject
Project("{FAE04EC0-301F-11D3-BF4B-00C04F79EFBC}") = "Tyuiu.ElsufevMP.Sprint2.Task3.V12.Lib", "Tyuiu.ElsufevMP.Sprint2.Task3.V12.Lib\Tyuiu.ElsufevMP.Sprint2.Task3.V12.Lib.csproj", "{12ABC8B1-C125-4D76-B5D2-312611CFC19E}"
EndProject
Project("{FAE04EC0-301F-11D3-BF4B-00C04F79EFBC}") = "Tyuiu.ElsufevMP.Sprint2.Task3.V12.Test", "Tyuiu.ElsufevMP.Sprint2.Task3.V12.Test\Tyuiu.ElsufevMP.Sprint2.Task3.V12.Test.csproj", "{5C2026FB-83DA-42B1-90CD-20A5CE3664B4}"
EndProject
Global
	GlobalSection(SolutionConfigurationPlatforms) = preSolution
		Debug|Any CPU = Debug|Any CPU
		Release|Any CPU = Release|Any CPU
	EndGlobalSection
	GlobalSection(ProjectConfigurationPlatforms) = postSolution
		{466A9474-7DEB-4786-87D0-D30948CD44B4}.Debug|Any CPU.ActiveCfg = Debug|Any CPU
		{466A9474-7DEB-4786-87D0-D30948CD44B4}.Debug|Any CPU.Build.0 = Debug|Any CPU
		{466A9474-7DEB-4786-87D0-D30948CD44B4}.Release|Any CPU.ActiveCfg = Release|Any CPU
		{466A9474-7DEB-4786-87D0-D30948CD44B4}.Release|Any CPU.Build.0 = Release|Any CPU
		{27E832B6-6D0C-4093-8F25-6DBF0259D892}.Debug|Any CPU.ActiveCfg = Debug|Any CPU
		{27E832B6-6D0C-4093-8F25-6DBF0259D892}.Debug|Any CPU.Build.0 = Debug|Any CPU
		{27E832B6-6D0C-4093-8F25-6DBF0259D892}.Release|Any CPU.ActiveCfg = Release|Any CPU
		{27E832B6-6D0C-4093-8F25-6DBF0259D892}.Release|Any CPU.Build.0 = Release|Any CPU
		{E7E97CC3-98C0-4243-B8F6-D52F9350E47E}.Debug|Any CPU.ActiveCfg = Debug|Any CPU
		{E7E97CC3-98C0-4243-B8F6-D52F9350E47E}.Debug|Any CPU.Build.0 = Debug|Any CPU
		{E7E97CC3-98C0-4243-B8F6-D52F9350E47E}.Release|Any CPU.ActiveCfg = Release|Any CPU
		{E7E97CC3-98C0-4243-B8F6-D52F9350E47E}.Release|Any CPU.Build.0 = Release|Any CPU
		{CF5D7A35-E621-4258-A5EF-EB01C4B69104}.Debug|Any CPU.ActiveCfg = Debug|Any CPU
		{CF5D7A35-E621-4258-A5EF-EB01C4B69104}.Debug|Any CPU.Build.0 = Debug|Any CPU
		{CF5D7A35-E621-4258-A5EF-EB01C4B69104}.Release|Any CPU.ActiveCfg = Release|Any CPU
		{CF5D7A35-E621-4258-A5EF-EB01C4B69104}.Release|Any CPU.Build.0 = Release|Any CPU
		{2CC545FE-6F7F-4EA2-BBCC-2C37B17E8483}.Debug|Any CPU.ActiveCfg = Debug|Any CPU
		{2CC545FE-6F7F-4EA2-BBCC-2C37B17E8483}.Debug|Any CPU.Build.0 = Debug|Any CPU
		{2CC545FE-6F7F-4EA2-BBCC-2C37B17E8483}.Release|Any CPU.ActiveCfg = Release|Any CPU
		{2CC545FE-6F7F-4EA2-BBCC-2C37B17E8483}.Release|Any CPU.Build.0 = Release|Any CPU
		{914E9927-5D2A-4281-B8B2-C36E49441181}.Debug|Any CPU.ActiveCfg = Debug|Any CPU
		{914E9927-5D2A-4281-B8B2-C36E49441181}.Debug|Any CPU.Build.0 = Debug|Any CPU
		{914E9927-5D2A-4281-B8B2-C36E49441181}.Release|Any CPU.ActiveCfg = Release|Any CPU
		{914E9927-5D2A-4281-B8B2-C36E49441181}.Release|Any CPU.Build.0 = Release|Any CPU
		{E9A8EFAC-01DC-4261-A703-4C4EA124EBFF}.Debug|Any CPU.ActiveCfg = Debug|Any CPU
		{E9A8EFAC-01DC-4261-A703-4C4EA124EBFF}.Debug|Any CPU.Build.0 = Debug|Any CPU
		{E9A8EFAC-01DC-4261-A703-4C4EA124EBFF}.Release|Any CPU.ActiveCfg = Release|Any CPU
		{E9A8EFAC-01DC-4261-A703-4C4EA124EBFF}.Release|Any CPU.Build.0 = Release|Any CPU
		{5EE932F2-CB3D-465B-9F88-28289731C116}.Debug|Any CPU.ActiveCfg = Debug|Any CPU
		{5EE932F2-CB3D-465B-9F88-28289731C116}.Debug|Any CPU.Build.0 = Debug|Any CPU
		{5EE932F2-CB3D-465B-9F88-28289731C116}.Release|Any CPU.ActiveCfg = Release|Any CPU
		{5EE932F2-CB3D-465B-9F88-28289731C116}.Release|Any CPU.Build.0 = Release|Any CPU
		{B85949D3-7C51-4F60-BFC9-7D78A9E52E79}.Debug|Any CPU.ActiveCfg = Debug|Any CPU
		{B85949D3-7C51-4F60-BFC9-7D78A9E52E79}.Debug|Any CPU.Build.0 = Debug|Any CPU
		{B85949D3-7C51-4F60-BFC9-7D78A9E52E79}.Release|Any CPU.ActiveCfg = Release|Any CPU
		{B85949D3-7C51-4F60-BFC9-7D78A9E52E79}.Release|Any CPU.Build.0 = Release|Any CPU
		{BC80FA41-D56C-47E0-A987-0992AACC67D6}.Debug|Any CPU.ActiveCfg = Debug|Any CPU
		{BC80FA41-D56C-47E0-A987-0992AACC67D6}.Debug|Any CPU.Build.0 = Debug|Any CPU
		{BC80FA41-D56C-47E0-A987-0992AACC67D6}.Release|Any CPU.ActiveCfg = Release|Any CPU
		{BC80FA41-D56C-47E0-A987-0992AACC67D6}.Release|Any CPU.Build.0 = Release|Any CPU
		{12ABC8B1-C125-4D76-B5D2-312611CFC19E}.Debug|Any CPU.ActiveCfg = Debug|Any CPU
		{12ABC8B1-C125-4D76-B5D2-312611CFC19E}.Debug|Any CPU.Build.0 = Debug|Any CPU
		{12ABC8B1-C125-4D76-B5D2-312611CFC19E}.Release|Any CPU.ActiveCfg = Release|Any CPU
		{12ABC8B1-C125-4D76-B5D2-312611CFC19E}.Release|Any CPU.Build.0 = Release|Any CPU
		{5C2026FB-83DA-42B1-90CD-20A5CE3664B4}.Debug|Any CPU.ActiveCfg = Debug|Any CPU
		{5C2026FB-83DA-42B1-90CD-20A5CE3664B4}.Debug|Any CPU.Build.0 = Debug|Any CPU
		{5C2026FB-83DA-42B1-90CD-20A5CE3664B4}.Release|Any CPU.ActiveCfg = Release|Any CPU
		{5C2026FB-83DA-42B1-90CD-20A5CE3664B4}.Release|Any CPU.Build.0 = Release|Any CPU
	EndGlobalSection
	GlobalSection(SolutionProperties) = preSolution
		HideSolutionNode = FALSE
	EndGlobalSection
	GlobalSection(NestedProjects) = preSolution
		{466A9474-7DEB-4786-87D0-D30948CD44B4} = {9F611EB8-FCCC-4887-9D6A-37CCB5603394}
		{27E832B6-6D0C-4093-8F25-6DBF0259D892} = {9F611EB8-FCCC-4887-9D6A-37CCB5603394}
		{E7E97CC3-98C0-4243-B8F6-D52F9350E47E} = {9F611EB8-FCCC-4887-9D6A-37CCB5603394}
		{CF5D7A35-E621-4258-A5EF-EB01C4B69104} = {476EF542-660F-4867-B762-CE700D519754}
		{2CC545FE-6F7F-4EA2-BBCC-2C37B17E8483} = {476EF542-660F-4867-B762-CE700D519754}
		{914E9927-5D2A-4281-B8B2-C36E49441181} = {476EF542-660F-4867-B762-CE700D519754}
		{E9A8EFAC-01DC-4261-A703-4C4EA124EBFF} = {A2865436-06E9-4EB7-9792-A90735CA5815}
		{5EE932F2-CB3D-465B-9F88-28289731C116} = {A2865436-06E9-4EB7-9792-A90735CA5815}
		{B85949D3-7C51-4F60-BFC9-7D78A9E52E79} = {A2865436-06E9-4EB7-9792-A90735CA5815}
		{BC80FA41-D56C-47E0-A987-0992AACC67D6} = {FAED9E10-B260-4C9A-8359-4E1709D527E8}
		{12ABC8B1-C125-4D76-B5D2-312611CFC19E} = {FAED9E10-B260-4C9A-8359-4E1709D527E8}
		{5C2026FB-83DA-42B1-90CD-20A5CE3664B4} = {FAED9E10-B260-4C9A-8359-4E1709D527E8}
	EndGlobalSection
	GlobalSection(ExtensibilityGlobals) = postSolution
		SolutionGuid = {2E0AA3AA-7214-4F8D-AE65-F25AABDAC1AF}
	EndGlobalSection
EndGlobal
